
Microsoft Visual Studio Solution File, Format Version 12.00
# Visual Studio Version 17
VisualStudioVersion = 17.5.002.0
MinimumVisualStudioVersion = 10.0.40219.1
Project("{9A19103F-16F7-4668-BE54-9A1E7A4F7556}") = "Handler", "Handler\Handler.csproj", "{3BF44342-ACF8-43B8-92E5-9B788CF022BD}"
EndProject
Project("{9A19103F-16F7-4668-BE54-9A1E7A4F7556}") = "Console", "Console\Console.csproj", "{6AEC8188-1D74-460A-9713-FE6FC0879DB7}"
EndProject
Global
	GlobalSection(SolutionConfigurationPlatforms) = preSolution
		Debug|Any CPU = Debug|Any CPU
		Release|Any CPU = Release|Any CPU
	EndGlobalSection
	GlobalSection(ProjectConfigurationPlatforms) = postSolution
		{3BF44342-ACF8-43B8-92E5-9B788CF022BD}.Debug|Any CPU.ActiveCfg = Debug|Any CPU
		{3BF44342-ACF8-43B8-92E5-9B788CF022BD}.Debug|Any CPU.Build.0 = Debug|Any CPU
		{3BF44342-ACF8-43B8-92E5-9B788CF022BD}.Release|Any CPU.ActiveCfg = Release|Any CPU
		{3BF44342-ACF8-43B8-92E5-9B788CF022BD}.Release|Any CPU.Build.0 = Release|Any CPU
		{6AEC8188-1D74-460A-9713-FE6FC0879DB7}.Debug|Any CPU.ActiveCfg = Debug|Any CPU
		{6AEC8188-1D74-460A-9713-FE6FC0879DB7}.Debug|Any CPU.Build.0 = Debug|Any CPU
		{6AEC8188-1D74-460A-9713-FE6FC0879DB7}.Release|Any CPU.ActiveCfg = Release|Any CPU
		{6AEC8188-1D74-460A-9713-FE6FC0879DB7}.Release|Any CPU.Build.0 = Release|Any CPU
	EndGlobalSection
	GlobalSection(SolutionProperties) = preSolution
		HideSolutionNode = FALSE
	EndGlobalSection
	GlobalSection(ExtensibilityGlobals) = postSolution
		SolutionGuid = {B7F79146-B475-42FB-928C-EAFF5E56F251}
	EndGlobalSection
EndGlobal
